// !$*UTF8*$!
{
	archiveVersion = 1;
	classes = {
	};
	objectVersion = 77;
	objects = {

/* Begin PBXBuildFile section */
		1E8519EE2E367A9900BD320E /* KakaoSDK in Frameworks */ = {isa = PBXBuildFile; productRef = 1E8519ED2E367A9900BD320E /* KakaoSDK */; };
		1E8519F02E367A9900BD320E /* KakaoSDKAuth in Frameworks */ = {isa = PBXBuildFile; productRef = 1E8519EF2E367A9900BD320E /* KakaoSDKAuth */; };
		1E8519F22E367A9900BD320E /* KakaoSDKCommon in Frameworks */ = {isa = PBXBuildFile; productRef = 1E8519F12E367A9900BD320E /* KakaoSDKCommon */; };
		1E8519F42E367A9900BD320E /* KakaoSDKUser in Frameworks */ = {isa = PBXBuildFile; productRef = 1E8519F32E367A9900BD320E /* KakaoSDKUser */; };
		1E8FFA1D2E59F14B001BA27A /* FirebaseAuth in Frameworks */ = {isa = PBXBuildFile; productRef = 1E8FFA1C2E59F14B001BA27A /* FirebaseAuth */; };
		1E8FFA1F2E59F14B001BA27A /* FirebaseCore in Frameworks */ = {isa = PBXBuildFile; productRef = 1E8FFA1E2E59F14B001BA27A /* FirebaseCore */; };
		1E8FFA212E59F14B001BA27A /* FirebaseFirestore in Frameworks */ = {isa = PBXBuildFile; productRef = 1E8FFA202E59F14B001BA27A /* FirebaseFirestore */; };
		1E8FFA232E59F14B001BA27A /* FirebaseFunctions in Frameworks */ = {isa = PBXBuildFile; productRef = 1E8FFA222E59F14B001BA27A /* FirebaseFunctions */; };
		EE2CFD272E237D0E0018D2AB /* .gitignore in Resources */ = {isa = PBXBuildFile; fileRef = EE2CFD262E237D0E0018D2AB /* .gitignore */; };
		EE7D7B5D2DB3EA4A0011C1B0 /* NMapsMap in Frameworks */ = {isa = PBXBuildFile; productRef = EE7D7B5C2DB3EA4A0011C1B0 /* NMapsMap */; };
/* End PBXBuildFile section */

/* Begin PBXFileReference section */
		EE2CFD262E237D0E0018D2AB /* .gitignore */ = {isa = PBXFileReference; lastKnownFileType = text; path = .gitignore; sourceTree = "<group>"; };
		EE7D7AB82DB3E7E10011C1B0 /* LittleHikerFriends.app */ = {isa = PBXFileReference; explicitFileType = wrapper.application; includeInIndex = 0; path = LittleHikerFriends.app; sourceTree = BUILT_PRODUCTS_DIR; };
/* End PBXFileReference section */

/* Begin PBXFileSystemSynchronizedBuildFileExceptionSet section */
		1E8519E82E36713200BD320E /* Exceptions for "LittleHikerFriends" folder in "LittleHikerFriends" target */ = {
			isa = PBXFileSystemSynchronizedBuildFileExceptionSet;
			membershipExceptions = (
				Info.plist,
			);
			target = EE7D7AB72DB3E7E10011C1B0 /* LittleHikerFriends */;
		};
/* End PBXFileSystemSynchronizedBuildFileExceptionSet section */

/* Begin PBXFileSystemSynchronizedRootGroup section */
		EE7D7ABA2DB3E7E10011C1B0 /* LittleHikerFriends */ = {
			isa = PBXFileSystemSynchronizedRootGroup;
			exceptions = (
				1E8519E82E36713200BD320E /* Exceptions for "LittleHikerFriends" folder in "LittleHikerFriends" target */,
			);
			path = LittleHikerFriends;
			sourceTree = "<group>";
		};
/* End PBXFileSystemSynchronizedRootGroup section */

/* Begin PBXFrameworksBuildPhase section */
		EE7D7AB52DB3E7E10011C1B0 /* Frameworks */ = {
			isa = PBXFrameworksBuildPhase;
			buildActionMask = 2147483647;
			files = (
				1E8519F22E367A9900BD320E /* KakaoSDKCommon in Frameworks */,
				1E8FFA1D2E59F14B001BA27A /* FirebaseAuth in Frameworks */,
				EE7D7B5D2DB3EA4A0011C1B0 /* NMapsMap in Frameworks */,
				1E8FFA232E59F14B001BA27A /* FirebaseFunctions in Frameworks */,
				1E8519EE2E367A9900BD320E /* KakaoSDK in Frameworks */,
				1E8FFA1F2E59F14B001BA27A /* FirebaseCore in Frameworks */,
				1E8FFA212E59F14B001BA27A /* FirebaseFirestore in Frameworks */,
				1E8519F42E367A9900BD320E /* KakaoSDKUser in Frameworks */,
				1E8519F02E367A9900BD320E /* KakaoSDKAuth in Frameworks */,
			);
			runOnlyForDeploymentPostprocessing = 0;
		};
/* End PBXFrameworksBuildPhase section */

/* Begin PBXGroup section */
		EE7D7AAF2DB3E7E10011C1B0 = {
			isa = PBXGroup;
			children = (
				EE2CFD262E237D0E0018D2AB /* .gitignore */,
				EE7D7ABA2DB3E7E10011C1B0 /* LittleHikerFriends */,
				EE7D7AB92DB3E7E10011C1B0 /* Products */,
			);
			sourceTree = "<group>";
		};
		EE7D7AB92DB3E7E10011C1B0 /* Products */ = {
			isa = PBXGroup;
			children = (
				EE7D7AB82DB3E7E10011C1B0 /* LittleHikerFriends.app */,
			);
			name = Products;
			sourceTree = "<group>";
		};
/* End PBXGroup section */

/* Begin PBXNativeTarget section */
		EE7D7AB72DB3E7E10011C1B0 /* LittleHikerFriends */ = {
			isa = PBXNativeTarget;
			buildConfigurationList = EE7D7ACB2DB3E7E30011C1B0 /* Build configuration list for PBXNativeTarget "LittleHikerFriends" */;
			buildPhases = (
				EE7D7AB42DB3E7E10011C1B0 /* Sources */,
				EE7D7AB52DB3E7E10011C1B0 /* Frameworks */,
				EE7D7AB62DB3E7E10011C1B0 /* Resources */,
			);
			buildRules = (
			);
			dependencies = (
			);
			fileSystemSynchronizedGroups = (
				EE7D7ABA2DB3E7E10011C1B0 /* LittleHikerFriends */,
			);
			name = LittleHikerFriends;
			packageProductDependencies = (
				EE7D7B5C2DB3EA4A0011C1B0 /* NMapsMap */,
				1E8519ED2E367A9900BD320E /* KakaoSDK */,
				1E8519EF2E367A9900BD320E /* KakaoSDKAuth */,
				1E8519F12E367A9900BD320E /* KakaoSDKCommon */,
				1E8519F32E367A9900BD320E /* KakaoSDKUser */,
				1E8FFA1C2E59F14B001BA27A /* FirebaseAuth */,
				1E8FFA1E2E59F14B001BA27A /* FirebaseCore */,
				1E8FFA202E59F14B001BA27A /* FirebaseFirestore */,
				1E8FFA222E59F14B001BA27A /* FirebaseFunctions */,
			);
			productName = LittleHikerFriends;
			productReference = EE7D7AB82DB3E7E10011C1B0 /* LittleHikerFriends.app */;
			productType = "com.apple.product-type.application";
		};
/* End PBXNativeTarget section */

/* Begin PBXProject section */
		EE7D7AB02DB3E7E10011C1B0 /* Project object */ = {
			isa = PBXProject;
			attributes = {
				BuildIndependentTargetsInParallel = 1;
				LastSwiftUpdateCheck = 1630;
				LastUpgradeCheck = 1630;
				TargetAttributes = {
					EE7D7AB72DB3E7E10011C1B0 = {
						CreatedOnToolsVersion = 16.3;
					};
				};
			};
			buildConfigurationList = EE7D7AB32DB3E7E10011C1B0 /* Build configuration list for PBXProject "LittleHikerFriends" */;
			developmentRegion = en;
			hasScannedForEncodings = 0;
			knownRegions = (
				en,
				Base,
			);
			mainGroup = EE7D7AAF2DB3E7E10011C1B0;
			minimizedProjectReferenceProxies = 1;
			packageReferences = (
				EE7D7B5B2DB3EA4A0011C1B0 /* XCRemoteSwiftPackageReference "SPM-NMapsMap" */,
				1E8519EC2E367A9900BD320E /* XCRemoteSwiftPackageReference "kakao-ios-sdk" */,
				1E8FFA1B2E59F14B001BA27A /* XCRemoteSwiftPackageReference "firebase-ios-sdk" */,
			);
			preferredProjectObjectVersion = 77;
			productRefGroup = EE7D7AB92DB3E7E10011C1B0 /* Products */;
			projectDirPath = "";
			projectRoot = "";
			targets = (
				EE7D7AB72DB3E7E10011C1B0 /* LittleHikerFriends */,
			);
		};
/* End PBXProject section */

/* Begin PBXResourcesBuildPhase section */
		EE7D7AB62DB3E7E10011C1B0 /* Resources */ = {
			isa = PBXResourcesBuildPhase;
			buildActionMask = 2147483647;
			files = (
				EE2CFD272E237D0E0018D2AB /* .gitignore in Resources */,
			);
			runOnlyForDeploymentPostprocessing = 0;
		};
/* End PBXResourcesBuildPhase section */

/* Begin PBXSourcesBuildPhase section */
		EE7D7AB42DB3E7E10011C1B0 /* Sources */ = {
			isa = PBXSourcesBuildPhase;
			buildActionMask = 2147483647;
			files = (
			);
			runOnlyForDeploymentPostprocessing = 0;
		};
/* End PBXSourcesBuildPhase section */

/* Begin XCBuildConfiguration section */
		EE7D7ACC2DB3E7E30011C1B0 /* Debug */ = {
			isa = XCBuildConfiguration;
			buildSettings = {
				ASSETCATALOG_COMPILER_APPICON_NAME = AppIcon;
				ASSETCATALOG_COMPILER_GLOBAL_ACCENT_COLOR_NAME = AccentColor;
				CODE_SIGN_STYLE = Automatic;
				CURRENT_PROJECT_VERSION = 1;
				DEVELOPMENT_TEAM = 6KQJH558XZ;
				GENERATE_INFOPLIST_FILE = YES;
				INFOPLIST_FILE = LittleHikerFriends/Info.plist;
				INFOPLIST_KEY_UIApplicationSupportsIndirectInputEvents = YES;
				INFOPLIST_KEY_UILaunchStoryboardName = "";
				INFOPLIST_KEY_UISupportedInterfaceOrientations = UIInterfaceOrientationPortrait;
				INFOPLIST_KEY_UISupportedInterfaceOrientations_iPad = UIInterfaceOrientationPortrait;
				IPHONEOS_DEPLOYMENT_TARGET = 17.0;
				LD_RUNPATH_SEARCH_PATHS = (
					"$(inherited)",
					"@executable_path/Frameworks",
				);
				MARKETING_VERSION = 1.0;
				PRODUCT_BUNDLE_IDENTIFIER = com.norang.LittleHikerFriends;
				PRODUCT_NAME = "$(TARGET_NAME)";
				SUPPORTED_PLATFORMS = "iphoneos iphonesimulator";
				SUPPORTS_MACCATALYST = NO;
				SUPPORTS_MAC_DESIGNED_FOR_IPHONE_IPAD = NO;
				SUPPORTS_XR_DESIGNED_FOR_IPHONE_IPAD = NO;
				SWIFT_EMIT_LOC_STRINGS = YES;
				SWIFT_VERSION = 5.0;
				TARGETED_DEVICE_FAMILY = 1;
			};
			name = Debug;
		};
		EE7D7ACD2DB3E7E30011C1B0 /* Release */ = {
			isa = XCBuildConfiguration;
			buildSettings = {
				ASSETCATALOG_COMPILER_APPICON_NAME = AppIcon;
				ASSETCATALOG_COMPILER_GLOBAL_ACCENT_COLOR_NAME = AccentColor;
				CODE_SIGN_STYLE = Automatic;
				CURRENT_PROJECT_VERSION = 1;
				DEVELOPMENT_TEAM = 6KQJH558XZ;
				GENERATE_INFOPLIST_FILE = YES;
				INFOPLIST_FILE = LittleHikerFriends/Info.plist;
				INFOPLIST_KEY_UIApplicationSupportsIndirectInputEvents = YES;
				INFOPLIST_KEY_UILaunchStoryboardName = "";
				INFOPLIST_KEY_UISupportedInterfaceOrientations = UIInterfaceOrientationPortrait;
				INFOPLIST_KEY_UISupportedInterfaceOrientations_iPad = UIInterfaceOrientationPortrait;
				IPHONEOS_DEPLOYMENT_TARGET = 17.0;
				LD_RUNPATH_SEARCH_PATHS = (
					"$(inherited)",
					"@executable_path/Frameworks",
				);
				MARKETING_VERSION = 1.0;
				PRODUCT_BUNDLE_IDENTIFIER = com.norang.LittleHikerFriends;
				PRODUCT_NAME = "$(TARGET_NAME)";
				SUPPORTED_PLATFORMS = "iphoneos iphonesimulator";
				SUPPORTS_MACCATALYST = NO;
				SUPPORTS_MAC_DESIGNED_FOR_IPHONE_IPAD = NO;
				SUPPORTS_XR_DESIGNED_FOR_IPHONE_IPAD = NO;
				SWIFT_EMIT_LOC_STRINGS = YES;
				SWIFT_VERSION = 5.0;
				TARGETED_DEVICE_FAMILY = 1;
			};
			name = Release;
		};
		EE7D7ACE2DB3E7E30011C1B0 /* Debug */ = {
			isa = XCBuildConfiguration;
			buildSettings = {
				ALWAYS_SEARCH_USER_PATHS = NO;
				ASSETCATALOG_COMPILER_GENERATE_SWIFT_ASSET_SYMBOL_EXTENSIONS = YES;
				CLANG_ANALYZER_NONNULL = YES;
				CLANG_ANALYZER_NUMBER_OBJECT_CONVERSION = YES_AGGRESSIVE;
				CLANG_CXX_LANGUAGE_STANDARD = "gnu++20";
				CLANG_ENABLE_MODULES = YES;
				CLANG_ENABLE_OBJC_ARC = YES;
				CLANG_ENABLE_OBJC_WEAK = YES;
				CLANG_WARN_BLOCK_CAPTURE_AUTORELEASING = YES;
				CLANG_WARN_BOOL_CONVERSION = YES;
				CLANG_WARN_COMMA = YES;
				CLANG_WARN_CONSTANT_CONVERSION = YES;
				CLANG_WARN_DEPRECATED_OBJC_IMPLEMENTATIONS = YES;
				CLANG_WARN_DIRECT_OBJC_ISA_USAGE = YES_ERROR;
				CLANG_WARN_DOCUMENTATION_COMMENTS = YES;
				CLANG_WARN_EMPTY_BODY = YES;
				CLANG_WARN_ENUM_CONVERSION = YES;
				CLANG_WARN_INFINITE_RECURSION = YES;
				CLANG_WARN_INT_CONVERSION = YES;
				CLANG_WARN_NON_LITERAL_NULL_CONVERSION = YES;
				CLANG_WARN_OBJC_IMPLICIT_RETAIN_SELF = YES;
				CLANG_WARN_OBJC_LITERAL_CONVERSION = YES;
				CLANG_WARN_OBJC_ROOT_CLASS = YES_ERROR;
				CLANG_WARN_QUOTED_INCLUDE_IN_FRAMEWORK_HEADER = YES;
				CLANG_WARN_RANGE_LOOP_ANALYSIS = YES;
				CLANG_WARN_STRICT_PROTOTYPES = YES;
				CLANG_WARN_SUSPICIOUS_MOVE = YES;
				CLANG_WARN_UNGUARDED_AVAILABILITY = YES_AGGRESSIVE;
				CLANG_WARN_UNREACHABLE_CODE = YES;
				CLANG_WARN__DUPLICATE_METHOD_MATCH = YES;
				COPY_PHASE_STRIP = NO;
				DEBUG_INFORMATION_FORMAT = dwarf;
				ENABLE_STRICT_OBJC_MSGSEND = YES;
				ENABLE_TESTABILITY = YES;
				ENABLE_USER_SCRIPT_SANDBOXING = YES;
				GCC_C_LANGUAGE_STANDARD = gnu17;
				GCC_DYNAMIC_NO_PIC = NO;
				GCC_NO_COMMON_BLOCKS = YES;
				GCC_OPTIMIZATION_LEVEL = 0;
				GCC_PREPROCESSOR_DEFINITIONS = (
					"DEBUG=1",
					"$(inherited)",
				);
				GCC_WARN_64_TO_32_BIT_CONVERSION = YES;
				GCC_WARN_ABOUT_RETURN_TYPE = YES_ERROR;
				GCC_WARN_UNDECLARED_SELECTOR = YES;
				GCC_WARN_UNINITIALIZED_AUTOS = YES_AGGRESSIVE;
				GCC_WARN_UNUSED_FUNCTION = YES;
				GCC_WARN_UNUSED_VARIABLE = YES;
				IPHONEOS_DEPLOYMENT_TARGET = 18.4;
				LOCALIZATION_PREFERS_STRING_CATALOGS = YES;
				MTL_ENABLE_DEBUG_INFO = INCLUDE_SOURCE;
				MTL_FAST_MATH = YES;
				ONLY_ACTIVE_ARCH = YES;
				SDKROOT = iphoneos;
				SWIFT_ACTIVE_COMPILATION_CONDITIONS = "DEBUG $(inherited)";
				SWIFT_OPTIMIZATION_LEVEL = "-Onone";
			};
			name = Debug;
		};
		EE7D7ACF2DB3E7E30011C1B0 /* Release */ = {
			isa = XCBuildConfiguration;
			buildSettings = {
				ALWAYS_SEARCH_USER_PATHS = NO;
				ASSETCATALOG_COMPILER_GENERATE_SWIFT_ASSET_SYMBOL_EXTENSIONS = YES;
				CLANG_ANALYZER_NONNULL = YES;
				CLANG_ANALYZER_NUMBER_OBJECT_CONVERSION = YES_AGGRESSIVE;
				CLANG_CXX_LANGUAGE_STANDARD = "gnu++20";
				CLANG_ENABLE_MODULES = YES;
				CLANG_ENABLE_OBJC_ARC = YES;
				CLANG_ENABLE_OBJC_WEAK = YES;
				CLANG_WARN_BLOCK_CAPTURE_AUTORELEASING = YES;
				CLANG_WARN_BOOL_CONVERSION = YES;
				CLANG_WARN_COMMA = YES;
				CLANG_WARN_CONSTANT_CONVERSION = YES;
				CLANG_WARN_DEPRECATED_OBJC_IMPLEMENTATIONS = YES;
				CLANG_WARN_DIRECT_OBJC_ISA_USAGE = YES_ERROR;
				CLANG_WARN_DOCUMENTATION_COMMENTS = YES;
				CLANG_WARN_EMPTY_BODY = YES;
				CLANG_WARN_ENUM_CONVERSION = YES;
				CLANG_WARN_INFINITE_RECURSION = YES;
				CLANG_WARN_INT_CONVERSION = YES;
				CLANG_WARN_NON_LITERAL_NULL_CONVERSION = YES;
				CLANG_WARN_OBJC_IMPLICIT_RETAIN_SELF = YES;
				CLANG_WARN_OBJC_LITERAL_CONVERSION = YES;
				CLANG_WARN_OBJC_ROOT_CLASS = YES_ERROR;
				CLANG_WARN_QUOTED_INCLUDE_IN_FRAMEWORK_HEADER = YES;
				CLANG_WARN_RANGE_LOOP_ANALYSIS = YES;
				CLANG_WARN_STRICT_PROTOTYPES = YES;
				CLANG_WARN_SUSPICIOUS_MOVE = YES;
				CLANG_WARN_UNGUARDED_AVAILABILITY = YES_AGGRESSIVE;
				CLANG_WARN_UNREACHABLE_CODE = YES;
				CLANG_WARN__DUPLICATE_METHOD_MATCH = YES;
				COPY_PHASE_STRIP = NO;
				DEBUG_INFORMATION_FORMAT = "dwarf-with-dsym";
				ENABLE_NS_ASSERTIONS = NO;
				ENABLE_STRICT_OBJC_MSGSEND = YES;
				ENABLE_USER_SCRIPT_SANDBOXING = YES;
				GCC_C_LANGUAGE_STANDARD = gnu17;
				GCC_NO_COMMON_BLOCKS = YES;
				GCC_WARN_64_TO_32_BIT_CONVERSION = YES;
				GCC_WARN_ABOUT_RETURN_TYPE = YES_ERROR;
				GCC_WARN_UNDECLARED_SELECTOR = YES;
				GCC_WARN_UNINITIALIZED_AUTOS = YES_AGGRESSIVE;
				GCC_WARN_UNUSED_FUNCTION = YES;
				GCC_WARN_UNUSED_VARIABLE = YES;
				IPHONEOS_DEPLOYMENT_TARGET = 18.4;
				LOCALIZATION_PREFERS_STRING_CATALOGS = YES;
				MTL_ENABLE_DEBUG_INFO = NO;
				MTL_FAST_MATH = YES;
				SDKROOT = iphoneos;
				SWIFT_COMPILATION_MODE = wholemodule;
				VALIDATE_PRODUCT = YES;
			};
			name = Release;
		};
/* End XCBuildConfiguration section */

/* Begin XCConfigurationList section */
		EE7D7AB32DB3E7E10011C1B0 /* Build configuration list for PBXProject "LittleHikerFriends" */ = {
			isa = XCConfigurationList;
			buildConfigurations = (
				EE7D7ACE2DB3E7E30011C1B0 /* Debug */,
				EE7D7ACF2DB3E7E30011C1B0 /* Release */,
			);
			defaultConfigurationIsVisible = 0;
			defaultConfigurationName = Release;
		};
		EE7D7ACB2DB3E7E30011C1B0 /* Build configuration list for PBXNativeTarget "LittleHikerFriends" */ = {
			isa = XCConfigurationList;
			buildConfigurations = (
				EE7D7ACC2DB3E7E30011C1B0 /* Debug */,
				EE7D7ACD2DB3E7E30011C1B0 /* Release */,
			);
			defaultConfigurationIsVisible = 0;
			defaultConfigurationName = Release;
		};
/* End XCConfigurationList section */

/* Begin XCRemoteSwiftPackageReference section */
		1E8519EC2E367A9900BD320E /* XCRemoteSwiftPackageReference "kakao-ios-sdk" */ = {
			isa = XCRemoteSwiftPackageReference;
			repositoryURL = "https://github.com/kakao/kakao-ios-sdk";
			requirement = {
				kind = upToNextMajorVersion;
				minimumVersion = 2.24.5;
			};
		};
		1E8FFA1B2E59F14B001BA27A /* XCRemoteSwiftPackageReference "firebase-ios-sdk" */ = {
			isa = XCRemoteSwiftPackageReference;
			repositoryURL = "https://github.com/firebase/firebase-ios-sdk";
			requirement = {
				kind = upToNextMajorVersion;
				minimumVersion = 12.1.0;
			};
		};
		EE7D7B5B2DB3EA4A0011C1B0 /* XCRemoteSwiftPackageReference "SPM-NMapsMap" */ = {
			isa = XCRemoteSwiftPackageReference;
			repositoryURL = "https://github.com/navermaps/SPM-NMapsMap";
			requirement = {
				kind = upToNextMajorVersion;
				minimumVersion = 3.21.0;
			};
		};
/* End XCRemoteSwiftPackageReference section */

/* Begin XCSwiftPackageProductDependency section */
		1E8519ED2E367A9900BD320E /* KakaoSDK */ = {
			isa = XCSwiftPackageProductDependency;
			package = 1E8519EC2E367A9900BD320E /* XCRemoteSwiftPackageReference "kakao-ios-sdk" */;
			productName = KakaoSDK;
		};
		1E8519EF2E367A9900BD320E /* KakaoSDKAuth */ = {
			isa = XCSwiftPackageProductDependency;
			package = 1E8519EC2E367A9900BD320E /* XCRemoteSwiftPackageReference "kakao-ios-sdk" */;
			productName = KakaoSDKAuth;
		};
		1E8519F12E367A9900BD320E /* KakaoSDKCommon */ = {
			isa = XCSwiftPackageProductDependency;
			package = 1E8519EC2E367A9900BD320E /* XCRemoteSwiftPackageReference "kakao-ios-sdk" */;
			productName = KakaoSDKCommon;
		};
		1E8519F32E367A9900BD320E /* KakaoSDKUser */ = {
			isa = XCSwiftPackageProductDependency;
			package = 1E8519EC2E367A9900BD320E /* XCRemoteSwiftPackageReference "kakao-ios-sdk" */;
			productName = KakaoSDKUser;
		};
		1E8FFA1C2E59F14B001BA27A /* FirebaseAuth */ = {
			isa = XCSwiftPackageProductDependency;
			package = 1E8FFA1B2E59F14B001BA27A /* XCRemoteSwiftPackageReference "firebase-ios-sdk" */;
			productName = FirebaseAuth;
		};
		1E8FFA1E2E59F14B001BA27A /* FirebaseCore */ = {
			isa = XCSwiftPackageProductDependency;
			package = 1E8FFA1B2E59F14B001BA27A /* XCRemoteSwiftPackageReference "firebase-ios-sdk" */;
			productName = FirebaseCore;
		};
		1E8FFA202E59F14B001BA27A /* FirebaseFirestore */ = {
			isa = XCSwiftPackageProductDependency;
			package = 1E8FFA1B2E59F14B001BA27A /* XCRemoteSwiftPackageReference "firebase-ios-sdk" */;
			productName = FirebaseFirestore;
		};
		1E8FFA222E59F14B001BA27A /* FirebaseFunctions */ = {
			isa = XCSwiftPackageProductDependency;
			package = 1E8FFA1B2E59F14B001BA27A /* XCRemoteSwiftPackageReference "firebase-ios-sdk" */;
			productName = FirebaseFunctions;
		};
		EE7D7B5C2DB3EA4A0011C1B0 /* NMapsMap */ = {
			isa = XCSwiftPackageProductDependency;
			package = EE7D7B5B2DB3EA4A0011C1B0 /* XCRemoteSwiftPackageReference "SPM-NMapsMap" */;
			productName = NMapsMap;
		};
/* End XCSwiftPackageProductDependency section */
	};
	rootObject = EE7D7AB02DB3E7E10011C1B0 /* Project object */;
}
